
Microsoft Visual Studio Solution File, Format Version 12.00
# Visual Studio Version 16
VisualStudioVersion = 16.0.30503.244
MinimumVisualStudioVersion = 10.0.40219.1
Project("{2150E333-8FDC-42A3-9474-1A3956D46DE8}") = "src", "src", "{BDB5C1C8-9CEF-4143-8EDD-CC2B0C3BFE14}"
EndProject
Project("{9A19103F-16F7-4668-BE54-9A1E7A4F7556}") = "SHA3KeccakCore", "src\SHA3KeccakCore\SHA3KeccakCore.csproj", "{8B74801A-0AC7-40BA-8456-98F268752699}"
EndProject
Project("{2150E333-8FDC-42A3-9474-1A3956D46DE8}") = "Tests", "Tests", "{2ED9B9E7-5D5D-43B2-98B5-70AF5E66981A}"
EndProject
Project("{FAE04EC0-301F-11D3-BF4B-00C04F79EFBC}") = "UnitTests", "tests\UnitTests\UnitTests.csproj", "{FC653BAF-6AA3-4AB2-AE9C-B85DDDC1883F}"
EndProject
Global
	GlobalSection(SolutionConfigurationPlatforms) = preSolution
		Debug|Any CPU = Debug|Any CPU
		Release|Any CPU = Release|Any CPU
	EndGlobalSection
	GlobalSection(ProjectConfigurationPlatforms) = postSolution
		{8B74801A-0AC7-40BA-8456-98F268752699}.Debug|Any CPU.ActiveCfg = Debug|Any CPU
		{8B74801A-0AC7-40BA-8456-98F268752699}.Debug|Any CPU.Build.0 = Debug|Any CPU
		{8B74801A-0AC7-40BA-8456-98F268752699}.Release|Any CPU.ActiveCfg = Release|Any CPU
		{8B74801A-0AC7-40BA-8456-98F268752699}.Release|Any CPU.Build.0 = Release|Any CPU
		{FC653BAF-6AA3-4AB2-AE9C-B85DDDC1883F}.Debug|Any CPU.ActiveCfg = Debug|Any CPU
		{FC653BAF-6AA3-4AB2-AE9C-B85DDDC1883F}.Debug|Any CPU.Build.0 = Debug|Any CPU
		{FC653BAF-6AA3-4AB2-AE9C-B85DDDC1883F}.Release|Any CPU.ActiveCfg = Release|Any CPU
		{FC653BAF-6AA3-4AB2-AE9C-B85DDDC1883F}.Release|Any CPU.Build.0 = Release|Any CPU
	EndGlobalSection
	GlobalSection(SolutionProperties) = preSolution
		HideSolutionNode = FALSE
	EndGlobalSection
	GlobalSection(NestedProjects) = preSolution
		{8B74801A-0AC7-40BA-8456-98F268752699} = {BDB5C1C8-9CEF-4143-8EDD-CC2B0C3BFE14}
		{FC653BAF-6AA3-4AB2-AE9C-B85DDDC1883F} = {2ED9B9E7-5D5D-43B2-98B5-70AF5E66981A}
	EndGlobalSection
	GlobalSection(ExtensibilityGlobals) = postSolution
		SolutionGuid = {0A045285-EC05-438B-A101-FA18E55191A5}
	EndGlobalSection
EndGlobal
